
Microsoft Visual Studio Solution File, Format Version 12.00
# Visual Studio Version 17
VisualStudioVersion = 17.8.34322.80
MinimumVisualStudioVersion = 10.0.40219.1
Project("{E53339B2-1760-4266-BCC7-CA923CBCF16C}") = "docker-compose", "docker-compose.dcproj", "{353E282E-6F49-4C8B-A0C5-2A0B0E129598}"
EndProject
Project("{9A19103F-16F7-4668-BE54-9A1E7A4F7556}") = "SE172788.ProductManagement.API", "SE172788.ProductManagement.API\SE172788.ProductManagement.API.csproj", "{FB46E58F-2A41-421B-86DE-6736EC4C863F}"
EndProject
Project("{9A19103F-16F7-4668-BE54-9A1E7A4F7556}") = "SE172788.ProductManagement.Repo", "SE172788.ProductManagement.Repo\SE172788.ProductManagement.Repo.csproj", "{3A05E8FC-1284-4615-9FC8-624DD4016679}"
EndProject
Global
	GlobalSection(SolutionConfigurationPlatforms) = preSolution
		Debug|Any CPU = Debug|Any CPU
		Release|Any CPU = Release|Any CPU
	EndGlobalSection
	GlobalSection(ProjectConfigurationPlatforms) = postSolution
		{353E282E-6F49-4C8B-A0C5-2A0B0E129598}.Debug|Any CPU.ActiveCfg = Debug|Any CPU
		{353E282E-6F49-4C8B-A0C5-2A0B0E129598}.Debug|Any CPU.Build.0 = Debug|Any CPU
		{353E282E-6F49-4C8B-A0C5-2A0B0E129598}.Release|Any CPU.ActiveCfg = Release|Any CPU
		{353E282E-6F49-4C8B-A0C5-2A0B0E129598}.Release|Any CPU.Build.0 = Release|Any CPU
		{FB46E58F-2A41-421B-86DE-6736EC4C863F}.Debug|Any CPU.ActiveCfg = Debug|Any CPU
		{FB46E58F-2A41-421B-86DE-6736EC4C863F}.Debug|Any CPU.Build.0 = Debug|Any CPU
		{FB46E58F-2A41-421B-86DE-6736EC4C863F}.Release|Any CPU.ActiveCfg = Release|Any CPU
		{FB46E58F-2A41-421B-86DE-6736EC4C863F}.Release|Any CPU.Build.0 = Release|Any CPU
		{3A05E8FC-1284-4615-9FC8-624DD4016679}.Debug|Any CPU.ActiveCfg = Debug|Any CPU
		{3A05E8FC-1284-4615-9FC8-624DD4016679}.Debug|Any CPU.Build.0 = Debug|Any CPU
		{3A05E8FC-1284-4615-9FC8-624DD4016679}.Release|Any CPU.ActiveCfg = Release|Any CPU
		{3A05E8FC-1284-4615-9FC8-624DD4016679}.Release|Any CPU.Build.0 = Release|Any CPU
	EndGlobalSection
	GlobalSection(SolutionProperties) = preSolution
		HideSolutionNode = FALSE
	EndGlobalSection
	GlobalSection(ExtensibilityGlobals) = postSolution
		SolutionGuid = {CC9A799F-999F-4BFD-A0C7-E86F7B5B049E}
	EndGlobalSection
EndGlobal
